// !$*UTF8*$!
{
	archiveVersion = 1;
	classes = {
	};
	objectVersion = 48;
	objects = {

/* Begin PBXBuildFile section */
		AD9F10061FE348ED009AF718 /* AppDelegate.swift in Sources */ = {isa = PBXBuildFile; fileRef = AD9F10051FE348ED009AF718 /* AppDelegate.swift */; };
		AD9F10081FE348ED009AF718 /* art.scnassets in Resources */ = {isa = PBXBuildFile; fileRef = AD9F10071FE348ED009AF718 /* art.scnassets */; };
		AD9F100A1FE348ED009AF718 /* ViewController.swift in Sources */ = {isa = PBXBuildFile; fileRef = AD9F10091FE348ED009AF718 /* ViewController.swift */; };
		AD9F100D1FE348ED009AF718 /* Main.storyboard in Resources */ = {isa = PBXBuildFile; fileRef = AD9F100B1FE348ED009AF718 /* Main.storyboard */; };
		AD9F100F1FE348ED009AF718 /* Assets.xcassets in Resources */ = {isa = PBXBuildFile; fileRef = AD9F100E1FE348ED009AF718 /* Assets.xcassets */; };
		AD9F10121FE348ED009AF718 /* LaunchScreen.storyboard in Resources */ = {isa = PBXBuildFile; fileRef = AD9F10101FE348ED009AF718 /* LaunchScreen.storyboard */; };
/* End PBXBuildFile section */

/* Begin PBXFileReference section */
		AD9F10021FE348ED009AF718 /* slender.app */ = {isa = PBXFileReference; explicitFileType = wrapper.application; includeInIndex = 0; path = slender.app; sourceTree = BUILT_PRODUCTS_DIR; };
		AD9F10051FE348ED009AF718 /* AppDelegate.swift */ = {isa = PBXFileReference; lastKnownFileType = sourcecode.swift; path = AppDelegate.swift; sourceTree = "<group>"; };
		AD9F10071FE348ED009AF718 /* art.scnassets */ = {isa = PBXFileReference; lastKnownFileType = wrapper.scnassets; path = art.scnassets; sourceTree = "<group>"; };
		AD9F10091FE348ED009AF718 /* ViewController.swift */ = {isa = PBXFileReference; lastKnownFileType = sourcecode.swift; path = ViewController.swift; sourceTree = "<group>"; };
		AD9F100C1FE348ED009AF718 /* Base */ = {isa = PBXFileReference; lastKnownFileType = file.storyboard; name = Base; path = Base.lproj/Main.storyboard; sourceTree = "<group>"; };
		AD9F100E1FE348ED009AF718 /* Assets.xcassets */ = {isa = PBXFileReference; lastKnownFileType = folder.assetcatalog; path = Assets.xcassets; sourceTree = "<group>"; };
		AD9F10111FE348ED009AF718 /* Base */ = {isa = PBXFileReference; lastKnownFileType = file.storyboard; name = Base; path = Base.lproj/LaunchScreen.storyboard; sourceTree = "<group>"; };
		AD9F10131FE348ED009AF718 /* Info.plist */ = {isa = PBXFileReference; lastKnownFileType = text.plist.xml; path = Info.plist; sourceTree = "<group>"; };
/* End PBXFileReference section */

/* Begin PBXFrameworksBuildPhase section */
		AD9F0FFF1FE348ED009AF718 /* Frameworks */ = {
			isa = PBXFrameworksBuildPhase;
			buildActionMask = 2147483647;
			files = (
			);
			runOnlyForDeploymentPostprocessing = 0;
		};
/* End PBXFrameworksBuildPhase section */

/* Begin PBXGroup section */
		AD9F0FF91FE348ED009AF718 = {
			isa = PBXGroup;
			children = (
				AD9F10041FE348ED009AF718 /* slender */,
				AD9F10031FE348ED009AF718 /* Products */,
			);
			sourceTree = "<group>";
		};
		AD9F10031FE348ED009AF718 /* Products */ = {
			isa = PBXGroup;
			children = (
				AD9F10021FE348ED009AF718 /* slender.app */,
			);
			name = Products;
			sourceTree = "<group>";
		};
		AD9F10041FE348ED009AF718 /* slender */ = {
			isa = PBXGroup;
			children = (
				AD9F10051FE348ED009AF718 /* AppDelegate.swift */,
				AD9F10071FE348ED009AF718 /* art.scnassets */,
				AD9F10091FE348ED009AF718 /* ViewController.swift */,
				AD9F100B1FE348ED009AF718 /* Main.storyboard */,
				AD9F100E1FE348ED009AF718 /* Assets.xcassets */,
				AD9F10101FE348ED009AF718 /* LaunchScreen.storyboard */,
				AD9F10131FE348ED009AF718 /* Info.plist */,
			);
			path = slender;
			sourceTree = "<group>";
		};
/* End PBXGroup section */

/* Begin PBXNativeTarget section */
		AD9F10011FE348ED009AF718 /* slender */ = {
			isa = PBXNativeTarget;
			buildConfigurationList = AD9F10161FE348ED009AF718 /* Build configuration list for PBXNativeTarget "slender" */;
			buildPhases = (
				AD9F0FFE1FE348ED009AF718 /* Sources */,
				AD9F0FFF1FE348ED009AF718 /* Frameworks */,
				AD9F10001FE348ED009AF718 /* Resources */,
			);
			buildRules = (
			);
			dependencies = (
			);
			name = slender;
			productName = slender;
			productReference = AD9F10021FE348ED009AF718 /* slender.app */;
			productType = "com.apple.product-type.application";
		};
/* End PBXNativeTarget section */

/* Begin PBXProject section */
		AD9F0FFA1FE348ED009AF718 /* Project object */ = {
			isa = PBXProject;
			attributes = {
				LastSwiftUpdateCheck = 0920;
				LastUpgradeCheck = 0920;
				ORGANIZATIONNAME = "Daniel Tam";
				TargetAttributes = {
					AD9F10011FE348ED009AF718 = {
						CreatedOnToolsVersion = 9.2;
						ProvisioningStyle = Automatic;
					};
				};
			};
			buildConfigurationList = AD9F0FFD1FE348ED009AF718 /* Build configuration list for PBXProject "slender" */;
			compatibilityVersion = "Xcode 8.0";
			developmentRegion = en;
			hasScannedForEncodings = 0;
			knownRegions = (
				en,
				Base,
			);
			mainGroup = AD9F0FF91FE348ED009AF718;
			productRefGroup = AD9F10031FE348ED009AF718 /* Products */;
			projectDirPath = "";
			projectRoot = "";
			targets = (
				AD9F10011FE348ED009AF718 /* slender */,
			);
		};
/* End PBXProject section */

/* Begin PBXResourcesBuildPhase section */
		AD9F10001FE348ED009AF718 /* Resources */ = {
			isa = PBXResourcesBuildPhase;
			buildActionMask = 2147483647;
			files = (
				AD9F10081FE348ED009AF718 /* art.scnassets in Resources */,
				AD9F10121FE348ED009AF718 /* LaunchScreen.storyboard in Resources */,
				AD9F100F1FE348ED009AF718 /* Assets.xcassets in Resources */,
				AD9F100D1FE348ED009AF718 /* Main.storyboard in Resources */,
			);
			runOnlyForDeploymentPostprocessing = 0;
		};
/* End PBXResourcesBuildPhase section */

/* Begin PBXSourcesBuildPhase section */
		AD9F0FFE1FE348ED009AF718 /* Sources */ = {
			isa = PBXSourcesBuildPhase;
			buildActionMask = 2147483647;
			files = (
				AD9F100A1FE348ED009AF718 /* ViewController.swift in Sources */,
				AD9F10061FE348ED009AF718 /* AppDelegate.swift in Sources */,
			);
			runOnlyForDeploymentPostprocessing = 0;
		};
/* End PBXSourcesBuildPhase section */

/* Begin PBXVariantGroup section */
		AD9F100B1FE348ED009AF718 /* Main.storyboard */ = {
			isa = PBXVariantGroup;
			children = (
				AD9F100C1FE348ED009AF718 /* Base */,
			);
			name = Main.storyboard;
			sourceTree = "<group>";
		};
		AD9F10101FE348ED009AF718 /* LaunchScreen.storyboard */ = {
			isa = PBXVariantGroup;
			children = (
				AD9F10111FE348ED009AF718 /* Base */,
			);
			name = LaunchScreen.storyboard;
			sourceTree = "<group>";
		};
/* End PBXVariantGroup section */

/* Begin XCBuildConfiguration section */
		AD9F10141FE348ED009AF718 /* Debug */ = {
			isa = XCBuildConfiguration;
			buildSettings = {
				ALWAYS_SEARCH_USER_PATHS = NO;
				CLANG_ANALYZER_NONNULL = YES;
				CLANG_ANALYZER_NUMBER_OBJECT_CONVERSION = YES_AGGRESSIVE;
				CLANG_CXX_LANGUAGE_STANDARD = "gnu++14";
				CLANG_CXX_LIBRARY = "libc++";
				CLANG_ENABLE_MODULES = YES;
				CLANG_ENABLE_OBJC_ARC = YES;
				CLANG_WARN_BLOCK_CAPTURE_AUTORELEASING = YES;
				CLANG_WARN_BOOL_CONVERSION = YES;
				CLANG_WARN_COMMA = YES;
				CLANG_WARN_CONSTANT_CONVERSION = YES;
				CLANG_WARN_DIRECT_OBJC_ISA_USAGE = YES_ERROR;
				CLANG_WARN_DOCUMENTATION_COMMENTS = YES;
				CLANG_WARN_EMPTY_BODY = YES;
				CLANG_WARN_ENUM_CONVERSION = YES;
				CLANG_WARN_INFINITE_RECURSION = YES;
				CLANG_WARN_INT_CONVERSION = YES;
				CLANG_WARN_NON_LITERAL_NULL_CONVERSION = YES;
				CLANG_WARN_OBJC_LITERAL_CONVERSION = YES;
				CLANG_WARN_OBJC_ROOT_CLASS = YES_ERROR;
				CLANG_WARN_RANGE_LOOP_ANALYSIS = YES;
				CLANG_WARN_STRICT_PROTOTYPES = YES;
				CLANG_WARN_SUSPICIOUS_MOVE = YES;
				CLANG_WARN_UNGUARDED_AVAILABILITY = YES_AGGRESSIVE;
				CLANG_WARN_UNREACHABLE_CODE = YES;
				CLANG_WARN__DUPLICATE_METHOD_MATCH = YES;
				CODE_SIGN_IDENTITY = "iPhone Developer";
				COPY_PHASE_STRIP = NO;
				DEBUG_INFORMATION_FORMAT = dwarf;
				ENABLE_STRICT_OBJC_MSGSEND = YES;
				ENABLE_TESTABILITY = YES;
				GCC_C_LANGUAGE_STANDARD = gnu11;
				GCC_DYNAMIC_NO_PIC = NO;
				GCC_NO_COMMON_BLOCKS = YES;
				GCC_OPTIMIZATION_LEVEL = 0;
				GCC_PREPROCESSOR_DEFINITIONS = (
					"DEBUG=1",
					"$(inherited)",
				);
				GCC_WARN_64_TO_32_BIT_CONVERSION = YES;
				GCC_WARN_ABOUT_RETURN_TYPE = YES_ERROR;
				GCC_WARN_UNDECLARED_SELECTOR = YES;
				GCC_WARN_UNINITIALIZED_AUTOS = YES_AGGRESSIVE;
				GCC_WARN_UNUSED_FUNCTION = YES;
				GCC_WARN_UNUSED_VARIABLE = YES;
				IPHONEOS_DEPLOYMENT_TARGET = 11.2;
				MTL_ENABLE_DEBUG_INFO = YES;
				ONLY_ACTIVE_ARCH = YES;
				SDKROOT = iphoneos;
				SWIFT_ACTIVE_COMPILATION_CONDITIONS = DEBUG;
				SWIFT_OPTIMIZATION_LEVEL = "-Onone";
			};
			name = Debug;
		};
		AD9F10151FE348ED009AF718 /* Release */ = {
			isa = XCBuildConfiguration;
			buildSettings = {
				ALWAYS_SEARCH_USER_PATHS = NO;
				CLANG_ANALYZER_NONNULL = YES;
				CLANG_ANALYZER_NUMBER_OBJECT_CONVERSION = YES_AGGRESSIVE;
				CLANG_CXX_LANGUAGE_STANDARD = "gnu++14";
				CLANG_CXX_LIBRARY = "libc++";
				CLANG_ENABLE_MODULES = YES;
				CLANG_ENABLE_OBJC_ARC = YES;
				CLANG_WARN_BLOCK_CAPTURE_AUTORELEASING = YES;
				CLANG_WARN_BOOL_CONVERSION = YES;
				CLANG_WARN_COMMA = YES;
				CLANG_WARN_CONSTANT_CONVERSION = YES;
				CLANG_WARN_DIRECT_OBJC_ISA_USAGE = YES_ERROR;
				CLANG_WARN_DOCUMENTATION_COMMENTS = YES;
				CLANG_WARN_EMPTY_BODY = YES;
				CLANG_WARN_ENUM_CONVERSION = YES;
				CLANG_WARN_INFINITE_RECURSION = YES;
				CLANG_WARN_INT_CONVERSION = YES;
				CLANG_WARN_NON_LITERAL_NULL_CONVERSION = YES;
				CLANG_WARN_OBJC_LITERAL_CONVERSION = YES;
				CLANG_WARN_OBJC_ROOT_CLASS = YES_ERROR;
				CLANG_WARN_RANGE_LOOP_ANALYSIS = YES;
				CLANG_WARN_STRICT_PROTOTYPES = YES;
				CLANG_WARN_SUSPICIOUS_MOVE = YES;
				CLANG_WARN_UNGUARDED_AVAILABILITY = YES_AGGRESSIVE;
				CLANG_WARN_UNREACHABLE_CODE = YES;
				CLANG_WARN__DUPLICATE_METHOD_MATCH = YES;
				CODE_SIGN_IDENTITY = "iPhone Developer";
				COPY_PHASE_STRIP = NO;
				DEBUG_INFORMATION_FORMAT = "dwarf-with-dsym";
				ENABLE_NS_ASSERTIONS = NO;
				ENABLE_STRICT_OBJC_MSGSEND = YES;
				GCC_C_LANGUAGE_STANDARD = gnu11;
				GCC_NO_COMMON_BLOCKS = YES;
				GCC_WARN_64_TO_32_BIT_CONVERSION = YES;
				GCC_WARN_ABOUT_RETURN_TYPE = YES_ERROR;
				GCC_WARN_UNDECLARED_SELECTOR = YES;
				GCC_WARN_UNINITIALIZED_AUTOS = YES_AGGRESSIVE;
				GCC_WARN_UNUSED_FUNCTION = YES;
				GCC_WARN_UNUSED_VARIABLE = YES;
				IPHONEOS_DEPLOYMENT_TARGET = 11.2;
				MTL_ENABLE_DEBUG_INFO = NO;
				SDKROOT = iphoneos;
				SWIFT_OPTIMIZATION_LEVEL = "-Owholemodule";
				VALIDATE_PRODUCT = YES;
			};
			name = Release;
		};
		AD9F10171FE348ED009AF718 /* Debug */ = {
			isa = XCBuildConfiguration;
			buildSettings = {
				ASSETCATALOG_COMPILER_APPICON_NAME = AppIcon;
				CODE_SIGN_STYLE = Automatic;
				DEVELOPMENT_TEAM = 9ES954JHMV;
				INFOPLIST_FILE = slender/Info.plist;
				IPHONEOS_DEPLOYMENT_TARGET = 11.0;
				LD_RUNPATH_SEARCH_PATHS = "$(inherited) @executable_path/Frameworks";
				PRODUCT_BUNDLE_IDENTIFIER = wegonnawin.slender;
				PRODUCT_NAME = "$(TARGET_NAME)";
				SWIFT_VERSION = 4.0;
				TARGETED_DEVICE_FAMILY = "1,2";
			};
			name = Debug;
		};
		AD9F10181FE348ED009AF718 /* Release */ = {
			isa = XCBuildConfiguration;
			buildSettings = {
				ASSETCATALOG_COMPILER_APPICON_NAME = AppIcon;
				CODE_SIGN_STYLE = Automatic;
				DEVELOPMENT_TEAM = 9ES954JHMV;
				INFOPLIST_FILE = slender/Info.plist;
				IPHONEOS_DEPLOYMENT_TARGET = 11.0;
				LD_RUNPATH_SEARCH_PATHS = "$(inherited) @executable_path/Frameworks";
				PRODUCT_BUNDLE_IDENTIFIER = wegonnawin.slender;
				PRODUCT_NAME = "$(TARGET_NAME)";
				SWIFT_VERSION = 4.0;
				TARGETED_DEVICE_FAMILY = "1,2";
			};
			name = Release;
		};
/* End XCBuildConfiguration section */

/* Begin XCConfigurationList section */
		AD9F0FFD1FE348ED009AF718 /* Build configuration list for PBXProject "slender" */ = {
			isa = XCConfigurationList;
			buildConfigurations = (
				AD9F10141FE348ED009AF718 /* Debug */,
				AD9F10151FE348ED009AF718 /* Release */,
			);
			defaultConfigurationIsVisible = 0;
			defaultConfigurationName = Release;
		};
		AD9F10161FE348ED009AF718 /* Build configuration list for PBXNativeTarget "slender" */ = {
			isa = XCConfigurationList;
			buildConfigurations = (
				AD9F10171FE348ED009AF718 /* Debug */,
				AD9F10181FE348ED009AF718 /* Release */,
			);
			defaultConfigurationIsVisible = 0;
			defaultConfigurationName = Release;
		};
/* End XCConfigurationList section */
	};
	rootObject = AD9F0FFA1FE348ED009AF718 /* Project object */;
}
